// !$*UTF8*$!
{
	archiveVersion = 1;
	classes = {
	};
	objectVersion = 46;
	objects = {

/* Begin PBXBuildFile section */
		F138892C1AB4D81900C01A13 /* .gitignore in Resources */ = {isa = PBXBuildFile; fileRef = F13887ED1AB4D81900C01A13 /* .gitignore */; };
		F138892D1AB4D81900C01A13 /* CocoaAsyncSocket.podspec in Resources */ = {isa = PBXBuildFile; fileRef = F13887EE1AB4D81900C01A13 /* CocoaAsyncSocket.podspec */; };
		F138892F1AB4D81900C01A13 /* GCDAsyncSocket.m in Sources */ = {isa = PBXBuildFile; fileRef = F13887F21AB4D81900C01A13 /* GCDAsyncSocket.m */; };
		F13889301AB4D81900C01A13 /* GCDAsyncUdpSocket.m in Sources */ = {isa = PBXBuildFile; fileRef = F13887F41AB4D81900C01A13 /* GCDAsyncUdpSocket.m */; };
		F15A1CDE1AB4ADC800B23836 /* AppDelegate.swift in Sources */ = {isa = PBXBuildFile; fileRef = F15A1CDD1AB4ADC800B23836 /* AppDelegate.swift */; };
		F15A1CE01AB4ADC800B23836 /* ViewController.swift in Sources */ = {isa = PBXBuildFile; fileRef = F15A1CDF1AB4ADC800B23836 /* ViewController.swift */; };
		F15A1CE31AB4ADC800B23836 /* Main.storyboard in Resources */ = {isa = PBXBuildFile; fileRef = F15A1CE11AB4ADC800B23836 /* Main.storyboard */; };
		F15A1CE51AB4ADC800B23836 /* Images.xcassets in Resources */ = {isa = PBXBuildFile; fileRef = F15A1CE41AB4ADC800B23836 /* Images.xcassets */; };
		F15A1CE81AB4ADC800B23836 /* LaunchScreen.xib in Resources */ = {isa = PBXBuildFile; fileRef = F15A1CE61AB4ADC800B23836 /* LaunchScreen.xib */; };
		F15A1CF41AB4ADC800B23836 /* ClienteTCP_UDPTests.swift in Sources */ = {isa = PBXBuildFile; fileRef = F15A1CF31AB4ADC800B23836 /* ClienteTCP_UDPTests.swift */; };
		F15A1CFE1AB4ADF200B23836 /* Reporter.swift in Sources */ = {isa = PBXBuildFile; fileRef = F15A1CFD1AB4ADF200B23836 /* Reporter.swift */; };
/* End PBXBuildFile section */

/* Begin PBXContainerItemProxy section */
		F15A1CEE1AB4ADC800B23836 /* PBXContainerItemProxy */ = {
			isa = PBXContainerItemProxy;
			containerPortal = F15A1CD01AB4ADC800B23836 /* Project object */;
			proxyType = 1;
			remoteGlobalIDString = F15A1CD71AB4ADC800B23836;
			remoteInfo = ClienteTCP_UDP;
		};
/* End PBXContainerItemProxy section */

/* Begin PBXFileReference section */
		F13887ED1AB4D81900C01A13 /* .gitignore */ = {isa = PBXFileReference; fileEncoding = 4; lastKnownFileType = text; path = .gitignore; sourceTree = "<group>"; };
		F13887EE1AB4D81900C01A13 /* CocoaAsyncSocket.podspec */ = {isa = PBXFileReference; fileEncoding = 4; lastKnownFileType = text; path = CocoaAsyncSocket.podspec; sourceTree = "<group>"; };
		F13887F11AB4D81900C01A13 /* GCDAsyncSocket.h */ = {isa = PBXFileReference; fileEncoding = 4; lastKnownFileType = sourcecode.c.h; path = GCDAsyncSocket.h; sourceTree = "<group>"; };
		F13887F21AB4D81900C01A13 /* GCDAsyncSocket.m */ = {isa = PBXFileReference; fileEncoding = 4; lastKnownFileType = sourcecode.c.objc; path = GCDAsyncSocket.m; sourceTree = "<group>"; };
		F13887F31AB4D81900C01A13 /* GCDAsyncUdpSocket.h */ = {isa = PBXFileReference; fileEncoding = 4; lastKnownFileType = sourcecode.c.h; path = GCDAsyncUdpSocket.h; sourceTree = "<group>"; };
		F13887F41AB4D81900C01A13 /* GCDAsyncUdpSocket.m */ = {isa = PBXFileReference; fileEncoding = 4; lastKnownFileType = sourcecode.c.objc; path = GCDAsyncUdpSocket.m; sourceTree = "<group>"; };
		F13889E01AB4D84900C01A13 /* Bridging-Header.h */ = {isa = PBXFileReference; lastKnownFileType = sourcecode.c.h; path = "Bridging-Header.h"; sourceTree = "<group>"; };
		F15A1CD81AB4ADC800B23836 /* ClienteTCP_UDP.app */ = {isa = PBXFileReference; explicitFileType = wrapper.application; includeInIndex = 0; path = ClienteTCP_UDP.app; sourceTree = BUILT_PRODUCTS_DIR; };
		F15A1CDC1AB4ADC800B23836 /* Info.plist */ = {isa = PBXFileReference; lastKnownFileType = text.plist.xml; path = Info.plist; sourceTree = "<group>"; };
		F15A1CDD1AB4ADC800B23836 /* AppDelegate.swift */ = {isa = PBXFileReference; lastKnownFileType = sourcecode.swift; path = AppDelegate.swift; sourceTree = "<group>"; };
		F15A1CDF1AB4ADC800B23836 /* ViewController.swift */ = {isa = PBXFileReference; lastKnownFileType = sourcecode.swift; path = ViewController.swift; sourceTree = "<group>"; };
		F15A1CE21AB4ADC800B23836 /* Base */ = {isa = PBXFileReference; lastKnownFileType = file.storyboard; name = Base; path = Base.lproj/Main.storyboard; sourceTree = "<group>"; };
		F15A1CE41AB4ADC800B23836 /* Images.xcassets */ = {isa = PBXFileReference; lastKnownFileType = folder.assetcatalog; path = Images.xcassets; sourceTree = "<group>"; };
		F15A1CE71AB4ADC800B23836 /* Base */ = {isa = PBXFileReference; lastKnownFileType = file.xib; name = Base; path = Base.lproj/LaunchScreen.xib; sourceTree = "<group>"; };
		F15A1CED1AB4ADC800B23836 /* ClienteTCP_UDPTests.xctest */ = {isa = PBXFileReference; explicitFileType = wrapper.cfbundle; includeInIndex = 0; path = ClienteTCP_UDPTests.xctest; sourceTree = BUILT_PRODUCTS_DIR; };
		F15A1CF21AB4ADC800B23836 /* Info.plist */ = {isa = PBXFileReference; lastKnownFileType = text.plist.xml; path = Info.plist; sourceTree = "<group>"; };
		F15A1CF31AB4ADC800B23836 /* ClienteTCP_UDPTests.swift */ = {isa = PBXFileReference; lastKnownFileType = sourcecode.swift; path = ClienteTCP_UDPTests.swift; sourceTree = "<group>"; };
		F15A1CFD1AB4ADF200B23836 /* Reporter.swift */ = {isa = PBXFileReference; fileEncoding = 4; lastKnownFileType = sourcecode.swift; path = Reporter.swift; sourceTree = "<group>"; };
/* End PBXFileReference section */

/* Begin PBXFrameworksBuildPhase section */
		F15A1CD51AB4ADC800B23836 /* Frameworks */ = {
			isa = PBXFrameworksBuildPhase;
			buildActionMask = 2147483647;
			files = (
			);
			runOnlyForDeploymentPostprocessing = 0;
		};
		F15A1CEA1AB4ADC800B23836 /* Frameworks */ = {
			isa = PBXFrameworksBuildPhase;
			buildActionMask = 2147483647;
			files = (
			);
			runOnlyForDeploymentPostprocessing = 0;
		};
/* End PBXFrameworksBuildPhase section */

/* Begin PBXGroup section */
		F13887EC1AB4D81900C01A13 /* CocoaAsyncSocket-master */ = {
			isa = PBXGroup;
			children = (
				F13887ED1AB4D81900C01A13 /* .gitignore */,
				F13887EE1AB4D81900C01A13 /* CocoaAsyncSocket.podspec */,
				F13887EF1AB4D81900C01A13 /* GCD */,
			);
			path = "CocoaAsyncSocket-master";
			sourceTree = "<group>";
		};
		F13887EF1AB4D81900C01A13 /* GCD */ = {
			isa = PBXGroup;
			children = (
				F13887F11AB4D81900C01A13 /* GCDAsyncSocket.h */,
				F13887F21AB4D81900C01A13 /* GCDAsyncSocket.m */,
				F13887F31AB4D81900C01A13 /* GCDAsyncUdpSocket.h */,
				F13887F41AB4D81900C01A13 /* GCDAsyncUdpSocket.m */,
			);
			path = GCD;
			sourceTree = "<group>";
		};
		F15A1CCF1AB4ADC800B23836 = {
			isa = PBXGroup;
			children = (
				F15A1CDA1AB4ADC800B23836 /* ClienteTCP_UDP */,
				F15A1CF01AB4ADC800B23836 /* ClienteTCP_UDPTests */,
				F15A1CD91AB4ADC800B23836 /* Products */,
			);
			sourceTree = "<group>";
		};
		F15A1CD91AB4ADC800B23836 /* Products */ = {
			isa = PBXGroup;
			children = (
				F15A1CD81AB4ADC800B23836 /* ClienteTCP_UDP.app */,
				F15A1CED1AB4ADC800B23836 /* ClienteTCP_UDPTests.xctest */,
			);
			name = Products;
			sourceTree = "<group>";
		};
		F15A1CDA1AB4ADC800B23836 /* ClienteTCP_UDP */ = {
			isa = PBXGroup;
			children = (
				F13889E01AB4D84900C01A13 /* Bridging-Header.h */,
				F15A1CFD1AB4ADF200B23836 /* Reporter.swift */,
				F15A1CDD1AB4ADC800B23836 /* AppDelegate.swift */,
				F15A1CDF1AB4ADC800B23836 /* ViewController.swift */,
				F15A1CE11AB4ADC800B23836 /* Main.storyboard */,
				F15A1CE41AB4ADC800B23836 /* Images.xcassets */,
				F15A1CE61AB4ADC800B23836 /* LaunchScreen.xib */,
				F15A1CDB1AB4ADC800B23836 /* Supporting Files */,
			);
			path = ClienteTCP_UDP;
			sourceTree = "<group>";
		};
		F15A1CDB1AB4ADC800B23836 /* Supporting Files */ = {
			isa = PBXGroup;
			children = (
				F13887EC1AB4D81900C01A13 /* CocoaAsyncSocket-master */,
				F15A1CDC1AB4ADC800B23836 /* Info.plist */,
			);
			name = "Supporting Files";
			sourceTree = "<group>";
		};
		F15A1CF01AB4ADC800B23836 /* ClienteTCP_UDPTests */ = {
			isa = PBXGroup;
			children = (
				F15A1CF31AB4ADC800B23836 /* ClienteTCP_UDPTests.swift */,
				F15A1CF11AB4ADC800B23836 /* Supporting Files */,
			);
			path = ClienteTCP_UDPTests;
			sourceTree = "<group>";
		};
		F15A1CF11AB4ADC800B23836 /* Supporting Files */ = {
			isa = PBXGroup;
			children = (
				F15A1CF21AB4ADC800B23836 /* Info.plist */,
			);
			name = "Supporting Files";
			sourceTree = "<group>";
		};
/* End PBXGroup section */

/* Begin PBXNativeTarget section */
		F15A1CD71AB4ADC800B23836 /* ClienteTCP_UDP */ = {
			isa = PBXNativeTarget;
			buildConfigurationList = F15A1CF71AB4ADC800B23836 /* Build configuration list for PBXNativeTarget "ClienteTCP_UDP" */;
			buildPhases = (
				F15A1CD41AB4ADC800B23836 /* Sources */,
				F15A1CD51AB4ADC800B23836 /* Frameworks */,
				F15A1CD61AB4ADC800B23836 /* Resources */,
			);
			buildRules = (
			);
			dependencies = (
			);
			name = ClienteTCP_UDP;
			productName = ClienteTCP_UDP;
			productReference = F15A1CD81AB4ADC800B23836 /* ClienteTCP_UDP.app */;
			productType = "com.apple.product-type.application";
		};
		F15A1CEC1AB4ADC800B23836 /* ClienteTCP_UDPTests */ = {
			isa = PBXNativeTarget;
			buildConfigurationList = F15A1CFA1AB4ADC800B23836 /* Build configuration list for PBXNativeTarget "ClienteTCP_UDPTests" */;
			buildPhases = (
				F15A1CE91AB4ADC800B23836 /* Sources */,
				F15A1CEA1AB4ADC800B23836 /* Frameworks */,
				F15A1CEB1AB4ADC800B23836 /* Resources */,
			);
			buildRules = (
			);
			dependencies = (
				F15A1CEF1AB4ADC800B23836 /* PBXTargetDependency */,
			);
			name = ClienteTCP_UDPTests;
			productName = ClienteTCP_UDPTests;
			productReference = F15A1CED1AB4ADC800B23836 /* ClienteTCP_UDPTests.xctest */;
			productType = "com.apple.product-type.bundle.unit-test";
		};
/* End PBXNativeTarget section */

/* Begin PBXProject section */
		F15A1CD01AB4ADC800B23836 /* Project object */ = {
			isa = PBXProject;
			attributes = {
				LastUpgradeCheck = 0620;
				ORGANIZATIONNAME = diegomontoyas;
				TargetAttributes = {
					F15A1CD71AB4ADC800B23836 = {
						CreatedOnToolsVersion = 6.2;
					};
					F15A1CEC1AB4ADC800B23836 = {
						CreatedOnToolsVersion = 6.2;
						TestTargetID = F15A1CD71AB4ADC800B23836;
					};
				};
			};
			buildConfigurationList = F15A1CD31AB4ADC800B23836 /* Build configuration list for PBXProject "ClienteTCP_UDP" */;
			compatibilityVersion = "Xcode 3.2";
			developmentRegion = English;
			hasScannedForEncodings = 0;
			knownRegions = (
				en,
				Base,
				English,
			);
			mainGroup = F15A1CCF1AB4ADC800B23836;
			productRefGroup = F15A1CD91AB4ADC800B23836 /* Products */;
			projectDirPath = "";
			projectRoot = "";
			targets = (
				F15A1CD71AB4ADC800B23836 /* ClienteTCP_UDP */,
				F15A1CEC1AB4ADC800B23836 /* ClienteTCP_UDPTests */,
			);
		};
/* End PBXProject section */

/* Begin PBXResourcesBuildPhase section */
		F15A1CD61AB4ADC800B23836 /* Resources */ = {
			isa = PBXResourcesBuildPhase;
			buildActionMask = 2147483647;
			files = (
				F138892C1AB4D81900C01A13 /* .gitignore in Resources */,
				F15A1CE31AB4ADC800B23836 /* Main.storyboard in Resources */,
				F15A1CE81AB4ADC800B23836 /* LaunchScreen.xib in Resources */,
				F15A1CE51AB4ADC800B23836 /* Images.xcassets in Resources */,
				F138892D1AB4D81900C01A13 /* CocoaAsyncSocket.podspec in Resources */,
			);
			runOnlyForDeploymentPostprocessing = 0;
		};
		F15A1CEB1AB4ADC800B23836 /* Resources */ = {
			isa = PBXResourcesBuildPhase;
			buildActionMask = 2147483647;
			files = (
			);
			runOnlyForDeploymentPostprocessing = 0;
		};
/* End PBXResourcesBuildPhase section */

/* Begin PBXSourcesBuildPhase section */
		F15A1CD41AB4ADC800B23836 /* Sources */ = {
			isa = PBXSourcesBuildPhase;
			buildActionMask = 2147483647;
			files = (
				F138892F1AB4D81900C01A13 /* GCDAsyncSocket.m in Sources */,
				F13889301AB4D81900C01A13 /* GCDAsyncUdpSocket.m in Sources */,
				F15A1CE01AB4ADC800B23836 /* ViewController.swift in Sources */,
				F15A1CFE1AB4ADF200B23836 /* Reporter.swift in Sources */,
				F15A1CDE1AB4ADC800B23836 /* AppDelegate.swift in Sources */,
			);
			runOnlyForDeploymentPostprocessing = 0;
		};
		F15A1CE91AB4ADC800B23836 /* Sources */ = {
			isa = PBXSourcesBuildPhase;
			buildActionMask = 2147483647;
			files = (
				F15A1CF41AB4ADC800B23836 /* ClienteTCP_UDPTests.swift in Sources */,
			);
			runOnlyForDeploymentPostprocessing = 0;
		};
/* End PBXSourcesBuildPhase section */

/* Begin PBXTargetDependency section */
		F15A1CEF1AB4ADC800B23836 /* PBXTargetDependency */ = {
			isa = PBXTargetDependency;
			target = F15A1CD71AB4ADC800B23836 /* ClienteTCP_UDP */;
			targetProxy = F15A1CEE1AB4ADC800B23836 /* PBXContainerItemProxy */;
		};
/* End PBXTargetDependency section */

/* Begin PBXVariantGroup section */
		F15A1CE11AB4ADC800B23836 /* Main.storyboard */ = {
			isa = PBXVariantGroup;
			children = (
				F15A1CE21AB4ADC800B23836 /* Base */,
			);
			name = Main.storyboard;
			sourceTree = "<group>";
		};
		F15A1CE61AB4ADC800B23836 /* LaunchScreen.xib */ = {
			isa = PBXVariantGroup;
			children = (
				F15A1CE71AB4ADC800B23836 /* Base */,
			);
			name = LaunchScreen.xib;
			sourceTree = "<group>";
		};
/* End PBXVariantGroup section */

/* Begin XCBuildConfiguration section */
		F15A1CF51AB4ADC800B23836 /* Debug */ = {
			isa = XCBuildConfiguration;
			buildSettings = {
				ALWAYS_SEARCH_USER_PATHS = NO;
				CLANG_CXX_LANGUAGE_STANDARD = "gnu++0x";
				CLANG_CXX_LIBRARY = "libc++";
				CLANG_ENABLE_MODULES = YES;
				CLANG_ENABLE_OBJC_ARC = YES;
				CLANG_WARN_BOOL_CONVERSION = YES;
				CLANG_WARN_CONSTANT_CONVERSION = YES;
				CLANG_WARN_DIRECT_OBJC_ISA_USAGE = YES_ERROR;
				CLANG_WARN_EMPTY_BODY = YES;
				CLANG_WARN_ENUM_CONVERSION = YES;
				CLANG_WARN_INT_CONVERSION = YES;
				CLANG_WARN_OBJC_ROOT_CLASS = YES_ERROR;
				CLANG_WARN_UNREACHABLE_CODE = YES;
				CLANG_WARN__DUPLICATE_METHOD_MATCH = YES;
				"CODE_SIGN_IDENTITY[sdk=iphoneos*]" = "iPhone Developer";
				COPY_PHASE_STRIP = NO;
				ENABLE_STRICT_OBJC_MSGSEND = YES;
				GCC_C_LANGUAGE_STANDARD = gnu99;
				GCC_DYNAMIC_NO_PIC = NO;
				GCC_OPTIMIZATION_LEVEL = 0;
				GCC_PREPROCESSOR_DEFINITIONS = (
					"DEBUG=1",
					"$(inherited)",
				);
				GCC_SYMBOLS_PRIVATE_EXTERN = NO;
				GCC_WARN_64_TO_32_BIT_CONVERSION = YES;
				GCC_WARN_ABOUT_RETURN_TYPE = YES_ERROR;
				GCC_WARN_UNDECLARED_SELECTOR = YES;
				GCC_WARN_UNINITIALIZED_AUTOS = YES_AGGRESSIVE;
				GCC_WARN_UNUSED_FUNCTION = YES;
				GCC_WARN_UNUSED_VARIABLE = YES;
				IPHONEOS_DEPLOYMENT_TARGET = 8.2;
				MTL_ENABLE_DEBUG_INFO = YES;
				ONLY_ACTIVE_ARCH = YES;
				SDKROOT = iphoneos;
				SWIFT_OPTIMIZATION_LEVEL = "-Onone";
			};
			name = Debug;
		};
		F15A1CF61AB4ADC800B23836 /* Release */ = {
			isa = XCBuildConfiguration;
			buildSettings = {
				ALWAYS_SEARCH_USER_PATHS = NO;
				CLANG_CXX_LANGUAGE_STANDARD = "gnu++0x";
				CLANG_CXX_LIBRARY = "libc++";
				CLANG_ENABLE_MODULES = YES;
				CLANG_ENABLE_OBJC_ARC = YES;
				CLANG_WARN_BOOL_CONVERSION = YES;
				CLANG_WARN_CONSTANT_CONVERSION = YES;
				CLANG_WARN_DIRECT_OBJC_ISA_USAGE = YES_ERROR;
				CLANG_WARN_EMPTY_BODY = YES;
				CLANG_WARN_ENUM_CONVERSION = YES;
				CLANG_WARN_INT_CONVERSION = YES;
				CLANG_WARN_OBJC_ROOT_CLASS = YES_ERROR;
				CLANG_WARN_UNREACHABLE_CODE = YES;
				CLANG_WARN__DUPLICATE_METHOD_MATCH = YES;
				"CODE_SIGN_IDENTITY[sdk=iphoneos*]" = "iPhone Developer";
				COPY_PHASE_STRIP = NO;
				ENABLE_NS_ASSERTIONS = NO;
				ENABLE_STRICT_OBJC_MSGSEND = YES;
				GCC_C_LANGUAGE_STANDARD = gnu99;
				GCC_WARN_64_TO_32_BIT_CONVERSION = YES;
				GCC_WARN_ABOUT_RETURN_TYPE = YES_ERROR;
				GCC_WARN_UNDECLARED_SELECTOR = YES;
				GCC_WARN_UNINITIALIZED_AUTOS = YES_AGGRESSIVE;
				GCC_WARN_UNUSED_FUNCTION = YES;
				GCC_WARN_UNUSED_VARIABLE = YES;
				IPHONEOS_DEPLOYMENT_TARGET = 8.2;
				MTL_ENABLE_DEBUG_INFO = NO;
				SDKROOT = iphoneos;
				VALIDATE_PRODUCT = YES;
			};
			name = Release;
		};
		F15A1CF81AB4ADC800B23836 /* Debug */ = {
			isa = XCBuildConfiguration;
			buildSettings = {
				ASSETCATALOG_COMPILER_APPICON_NAME = AppIcon;
				INFOPLIST_FILE = ClienteTCP_UDP/Info.plist;
				LD_RUNPATH_SEARCH_PATHS = "$(inherited) @executable_path/Frameworks";
				PRODUCT_NAME = "$(TARGET_NAME)";
				SWIFT_OBJC_BRIDGING_HEADER = "ClienteTCP_UDP/Bridging-Header.h";
			};
			name = Debug;
		};
		F15A1CF91AB4ADC800B23836 /* Release */ = {
			isa = XCBuildConfiguration;
			buildSettings = {
				ASSETCATALOG_COMPILER_APPICON_NAME = AppIcon;
				INFOPLIST_FILE = ClienteTCP_UDP/Info.plist;
				LD_RUNPATH_SEARCH_PATHS = "$(inherited) @executable_path/Frameworks";
				PRODUCT_NAME = "$(TARGET_NAME)";
				SWIFT_OBJC_BRIDGING_HEADER = "ClienteTCP_UDP/Bridging-Header.h";
			};
			name = Release;
		};
		F15A1CFB1AB4ADC800B23836 /* Debug */ = {
			isa = XCBuildConfiguration;
			buildSettings = {
				BUNDLE_LOADER = "$(TEST_HOST)";
				FRAMEWORK_SEARCH_PATHS = (
					"$(SDKROOT)/Developer/Library/Frameworks",
					"$(inherited)",
				);
				GCC_PREPROCESSOR_DEFINITIONS = (
					"DEBUG=1",
					"$(inherited)",
				);
				INFOPLIST_FILE = ClienteTCP_UDPTests/Info.plist;
				LD_RUNPATH_SEARCH_PATHS = "$(inherited) @executable_path/Frameworks @loader_path/Frameworks";
				PRODUCT_NAME = "$(TARGET_NAME)";
				TEST_HOST = "$(BUILT_PRODUCTS_DIR)/ClienteTCP_UDP.app/ClienteTCP_UDP";
			};
			name = Debug;
		};
		F15A1CFC1AB4ADC800B23836 /* Release */ = {
			isa = XCBuildConfiguration;
			buildSettings = {
				BUNDLE_LOADER = "$(TEST_HOST)";
				FRAMEWORK_SEARCH_PATHS = (
					"$(SDKROOT)/Developer/Library/Frameworks",
					"$(inherited)",
				);
				INFOPLIST_FILE = ClienteTCP_UDPTests/Info.plist;
				LD_RUNPATH_SEARCH_PATHS = "$(inherited) @executable_path/Frameworks @loader_path/Frameworks";
				PRODUCT_NAME = "$(TARGET_NAME)";
				TEST_HOST = "$(BUILT_PRODUCTS_DIR)/ClienteTCP_UDP.app/ClienteTCP_UDP";
			};
			name = Release;
		};
/* End XCBuildConfiguration section */

/* Begin XCConfigurationList section */
		F15A1CD31AB4ADC800B23836 /* Build configuration list for PBXProject "ClienteTCP_UDP" */ = {
			isa = XCConfigurationList;
			buildConfigurations = (
				F15A1CF51AB4ADC800B23836 /* Debug */,
				F15A1CF61AB4ADC800B23836 /* Release */,
			);
			defaultConfigurationIsVisible = 0;
			defaultConfigurationName = Release;
		};
		F15A1CF71AB4ADC800B23836 /* Build configuration list for PBXNativeTarget "ClienteTCP_UDP" */ = {
			isa = XCConfigurationList;
			buildConfigurations = (
				F15A1CF81AB4ADC800B23836 /* Debug */,
				F15A1CF91AB4ADC800B23836 /* Release */,
			);
			defaultConfigurationIsVisible = 0;
			defaultConfigurationName = Release;
		};
		F15A1CFA1AB4ADC800B23836 /* Build configuration list for PBXNativeTarget "ClienteTCP_UDPTests" */ = {
			isa = XCConfigurationList;
			buildConfigurations = (
				F15A1CFB1AB4ADC800B23836 /* Debug */,
				F15A1CFC1AB4ADC800B23836 /* Release */,
			);
			defaultConfigurationIsVisible = 0;
			defaultConfigurationName = Release;
		};
/* End XCConfigurationList section */
	};
	rootObject = F15A1CD01AB4ADC800B23836 /* Project object */;
}
